// !$*UTF8*$!
{
	archiveVersion = 1;
	classes = {
	};
	objectVersion = 50;
	objects = {

/* Begin PBXBuildFile section */
		055EAF89466E0E99A3F3EF27 /* libPods-MediaPicker.a in Frameworks */ = {isa = PBXBuildFile; fileRef = 95A2F5E5AC6773663012332B /* libPods-MediaPicker.a */; };
		15AF0B6D0A006ACF1A418812 /* libPods-MediaPickerExample.a in Frameworks */ = {isa = PBXBuildFile; fileRef = 72484074F965E3DC8841269E /* libPods-MediaPickerExample.a */; };
		760D17BA230A8F3100D5E192 /* CameraMan.swift in Sources */ = {isa = PBXBuildFile; fileRef = 760D17B9230A8F3100D5E192 /* CameraMan.swift */; };
		760D17BC230A8F9800D5E192 /* ClosuredAVCaptureMoveFileOutput.swift in Sources */ = {isa = PBXBuildFile; fileRef = 760D17BB230A8F9800D5E192 /* ClosuredAVCaptureMoveFileOutput.swift */; };
		760D17BE230A907A00D5E192 /* Fetcher.swift in Sources */ = {isa = PBXBuildFile; fileRef = 760D17BD230A907A00D5E192 /* Fetcher.swift */; };
		760D17C0230A90B900D5E192 /* CameraView.swift in Sources */ = {isa = PBXBuildFile; fileRef = 760D17BF230A90B900D5E192 /* CameraView.swift */; };
		760D17C2230A91DE00D5E192 /* FlashButton.swift in Sources */ = {isa = PBXBuildFile; fileRef = 760D17C1230A91DE00D5E192 /* FlashButton.swift */; };
		7617E87222F87706007B7E4E /* MediaToolbarState.swift in Sources */ = {isa = PBXBuildFile; fileRef = 7617E87122F87706007B7E4E /* MediaToolbarState.swift */; };
		7618EE1022F4579C0051C287 /* BottomView.swift in Sources */ = {isa = PBXBuildFile; fileRef = 7618EE0F22F4579C0051C287 /* BottomView.swift */; };
		7618EE1222F475AC0051C287 /* GalleryFloatingButton.swift in Sources */ = {isa = PBXBuildFile; fileRef = 7618EE1122F475AC0051C287 /* GalleryFloatingButton.swift */; };
		7618EE1422F477F70051C287 /* EventHub.swift in Sources */ = {isa = PBXBuildFile; fileRef = 7618EE1322F477F70051C287 /* EventHub.swift */; };
		7618EE1622F489C50051C287 /* ShutterButton.swift in Sources */ = {isa = PBXBuildFile; fileRef = 7618EE1522F489C50051C287 /* ShutterButton.swift */; };
		761B9FD922E9BAB9004D494E /* MediaPicker.h in Headers */ = {isa = PBXBuildFile; fileRef = 761B9FD722E9BAB9004D494E /* MediaPicker.h */; settings = {ATTRIBUTES = (Public, ); }; };
		761B9FFE22E9BBE4004D494E /* MediaPickerController.swift in Sources */ = {isa = PBXBuildFile; fileRef = 761B9FFD22E9BBE4004D494E /* MediaPickerController.swift */; };
		761BA00D22E9BE4C004D494E /* AppDelegate.swift in Sources */ = {isa = PBXBuildFile; fileRef = 761BA00C22E9BE4C004D494E /* AppDelegate.swift */; };
		761BA00F22E9BE4C004D494E /* ViewController.swift in Sources */ = {isa = PBXBuildFile; fileRef = 761BA00E22E9BE4C004D494E /* ViewController.swift */; };
		761BA01222E9BE4C004D494E /* Main.storyboard in Resources */ = {isa = PBXBuildFile; fileRef = 761BA01022E9BE4C004D494E /* Main.storyboard */; };
		761BA01422E9BE4D004D494E /* Assets.xcassets in Resources */ = {isa = PBXBuildFile; fileRef = 761BA01322E9BE4D004D494E /* Assets.xcassets */; };
		761BA01722E9BE4D004D494E /* LaunchScreen.storyboard in Resources */ = {isa = PBXBuildFile; fileRef = 761BA01522E9BE4D004D494E /* LaunchScreen.storyboard */; };
		761BA01C22E9BFFE004D494E /* MediaPicker.framework in Frameworks */ = {isa = PBXBuildFile; fileRef = 761B9FD422E9BAB9004D494E /* MediaPicker.framework */; };
		761BA01D22E9BFFE004D494E /* MediaPicker.framework in Embed Frameworks */ = {isa = PBXBuildFile; fileRef = 761B9FD422E9BAB9004D494E /* MediaPicker.framework */; settings = {ATTRIBUTES = (CodeSignOnCopy, RemoveHeadersOnCopy, ); }; };
		761E0B532313C3730072B5BE /* ColorsCollectionViewDelegate.swift in Sources */ = {isa = PBXBuildFile; fileRef = 761E0B522313C3730072B5BE /* ColorsCollectionViewDelegate.swift */; };
		761E0B552313C4C90072B5BE /* ColorCollectionViewCell.swift in Sources */ = {isa = PBXBuildFile; fileRef = 761E0B542313C4C90072B5BE /* ColorCollectionViewCell.swift */; };
		761E0B5B2313C6430072B5BE /* UIImageView+Alpha.swift in Sources */ = {isa = PBXBuildFile; fileRef = 761E0B5A2313C6430072B5BE /* UIImageView+Alpha.swift */; };
		761E0B5D2313C65F0072B5BE /* UIView+Image.swift in Sources */ = {isa = PBXBuildFile; fileRef = 761E0B5C2313C65F0072B5BE /* UIView+Image.swift */; };
		761E0B5F2313C67B0072B5BE /* UIImage+Size.swift in Sources */ = {isa = PBXBuildFile; fileRef = 761E0B5E2313C67B0072B5BE /* UIImage+Size.swift */; };
		7639064B22F2CA8C007CD4CE /* PageIndicator.swift in Sources */ = {isa = PBXBuildFile; fileRef = 7639064A22F2CA8C007CD4CE /* PageIndicator.swift */; };
		7639064D22F2D6D0007CD4CE /* PermissionControllerDelegate.swift in Sources */ = {isa = PBXBuildFile; fileRef = 7639064C22F2D6D0007CD4CE /* PermissionControllerDelegate.swift */; };
		7639065122F2DC7C007CD4CE /* LibraryController.swift in Sources */ = {isa = PBXBuildFile; fileRef = 7639065022F2DC7C007CD4CE /* LibraryController.swift */; };
		7639065322F2DD34007CD4CE /* LibraryAlbum.swift in Sources */ = {isa = PBXBuildFile; fileRef = 7639065222F2DD34007CD4CE /* LibraryAlbum.swift */; };
		7639065622F2DD5D007CD4CE /* Image.swift in Sources */ = {isa = PBXBuildFile; fileRef = 7639065522F2DD5D007CD4CE /* Image.swift */; };
		7639065822F2DD75007CD4CE /* Video.swift in Sources */ = {isa = PBXBuildFile; fileRef = 7639065722F2DD75007CD4CE /* Video.swift */; };
		7639065A22F2DDD3007CD4CE /* Utils.swift in Sources */ = {isa = PBXBuildFile; fileRef = 7639065922F2DDD3007CD4CE /* Utils.swift */; };
		7639065C22F2E30A007CD4CE /* Audio.swift in Sources */ = {isa = PBXBuildFile; fileRef = 7639065B22F2E30A007CD4CE /* Audio.swift */; };
		7639066122F2E40F007CD4CE /* ImageCell.swift in Sources */ = {isa = PBXBuildFile; fileRef = 7639066022F2E40F007CD4CE /* ImageCell.swift */; };
		7639066422F2E60E007CD4CE /* FrameView.swift in Sources */ = {isa = PBXBuildFile; fileRef = 7639066322F2E60E007CD4CE /* FrameView.swift */; };
		7639066622F2E65B007CD4CE /* MediaPickerConfig.swift in Sources */ = {isa = PBXBuildFile; fileRef = 7639066522F2E65B007CD4CE /* MediaPickerConfig.swift */; };
		7639066822F2E7CD007CD4CE /* UIImageView+Extensions.swift in Sources */ = {isa = PBXBuildFile; fileRef = 7639066722F2E7CD007CD4CE /* UIImageView+Extensions.swift */; };
		7639066A22F2E7FE007CD4CE /* VideoCell.swift in Sources */ = {isa = PBXBuildFile; fileRef = 7639066922F2E7FE007CD4CE /* VideoCell.swift */; };
		7639066C22F2E8FB007CD4CE /* Library.swift in Sources */ = {isa = PBXBuildFile; fileRef = 7639066B22F2E8FB007CD4CE /* Library.swift */; };
		7639066E22F2EB84007CD4CE /* Array+Extensions.swift in Sources */ = {isa = PBXBuildFile; fileRef = 7639066D22F2EB84007CD4CE /* Array+Extensions.swift */; };
		7639067122F2ED5E007CD4CE /* DropdownController.swift in Sources */ = {isa = PBXBuildFile; fileRef = 7639067022F2ED5E007CD4CE /* DropdownController.swift */; };
		7639067322F2ED91007CD4CE /* AlbumCell.swift in Sources */ = {isa = PBXBuildFile; fileRef = 7639067222F2ED91007CD4CE /* AlbumCell.swift */; };
		7639067522F2EE10007CD4CE /* EmptyView.swift in Sources */ = {isa = PBXBuildFile; fileRef = 7639067422F2EE10007CD4CE /* EmptyView.swift */; };
		7639067722F2EE2D007CD4CE /* ArrowButton.swift in Sources */ = {isa = PBXBuildFile; fileRef = 7639067622F2EE2D007CD4CE /* ArrowButton.swift */; };
		7639067922F2EE3B007CD4CE /* GridView.swift in Sources */ = {isa = PBXBuildFile; fileRef = 7639067822F2EE3B007CD4CE /* GridView.swift */; };
		7639067B22F2EF9B007CD4CE /* UIScrollView+Extensions.swift in Sources */ = {isa = PBXBuildFile; fileRef = 7639067A22F2EF9B007CD4CE /* UIScrollView+Extensions.swift */; };
		76511DFD22FC10C100F4F32E /* CartDelegate.swift in Sources */ = {isa = PBXBuildFile; fileRef = 76511DFC22FC10C100F4F32E /* CartDelegate.swift */; };
		76511DFF22FC10F300F4F32E /* Cart.swift in Sources */ = {isa = PBXBuildFile; fileRef = 76511DFE22FC10F300F4F32E /* Cart.swift */; };
		76511E0122FC113400F4F32E /* CartItemProtocol.swift in Sources */ = {isa = PBXBuildFile; fileRef = 76511E0022FC113400F4F32E /* CartItemProtocol.swift */; };
		768A03E42306767D00C9B65F /* CameraController.swift in Sources */ = {isa = PBXBuildFile; fileRef = 768A03E32306767D00C9B65F /* CameraController.swift */; };
		768A03E7230676A100C9B65F /* AudioController.swift in Sources */ = {isa = PBXBuildFile; fileRef = 768A03E6230676A100C9B65F /* AudioController.swift */; };
		768A03E923067C4D00C9B65F /* AudioView.swift in Sources */ = {isa = PBXBuildFile; fileRef = 768A03E823067C4D00C9B65F /* AudioView.swift */; };
		768A03EB2306C5A400C9B65F /* AudioPreviewController.swift in Sources */ = {isa = PBXBuildFile; fileRef = 768A03EA2306C5A400C9B65F /* AudioPreviewController.swift */; };
		76AFCBEA22F81E1400E1B7CB /* CartCollectionView.swift in Sources */ = {isa = PBXBuildFile; fileRef = 76AFCBE922F81E1400E1B7CB /* CartCollectionView.swift */; };
		76AFCBEC22F81E6300E1B7CB /* HorizontalScrollView.swift in Sources */ = {isa = PBXBuildFile; fileRef = 76AFCBEB22F81E6300E1B7CB /* HorizontalScrollView.swift */; };
		76AFCBEE22F8201100E1B7CB /* CartCollectionItemView.swift in Sources */ = {isa = PBXBuildFile; fileRef = 76AFCBED22F8201100E1B7CB /* CartCollectionItemView.swift */; };
		76AFCBF022F8317600E1B7CB /* FilenameInputView.swift in Sources */ = {isa = PBXBuildFile; fileRef = 76AFCBEF22F8317600E1B7CB /* FilenameInputView.swift */; };
		76B8E4E522EACE0000D99495 /* PermissionController.swift in Sources */ = {isa = PBXBuildFile; fileRef = 76B8E4E422EACE0000D99495 /* PermissionController.swift */; };
		76B8E4E822EACE0E00D99495 /* PermissionView.swift in Sources */ = {isa = PBXBuildFile; fileRef = 76B8E4E722EACE0E00D99495 /* PermissionView.swift */; };
		76B8E4EA22EACE2900D99495 /* PermissionSentry.swift in Sources */ = {isa = PBXBuildFile; fileRef = 76B8E4E922EACE2900D99495 /* PermissionSentry.swift */; };
		76B8E4ED22EAD23100D99495 /* Once.swift in Sources */ = {isa = PBXBuildFile; fileRef = 76B8E4EC22EAD23100D99495 /* Once.swift */; };
		76B8E4F022EAD3A200D99495 /* String+Extensions.swift in Sources */ = {isa = PBXBuildFile; fileRef = 76B8E4EF22EAD3A200D99495 /* String+Extensions.swift */; };
		76B8E4F422EAD55700D99495 /* MediaPicker.bundle in Resources */ = {isa = PBXBuildFile; fileRef = 76B8E4F322EAD55700D99495 /* MediaPicker.bundle */; };
		76B8E4F622EAD5CB00D99495 /* MediaPickerBundle.swift in Sources */ = {isa = PBXBuildFile; fileRef = 76B8E4F522EAD5CB00D99495 /* MediaPickerBundle.swift */; };
		76B8E4F822EADA5F00D99495 /* UIViewController+Extensions.swift in Sources */ = {isa = PBXBuildFile; fileRef = 76B8E4F722EADA5F00D99495 /* UIViewController+Extensions.swift */; };
		76B8E4FA22EADCAA00D99495 /* Constraints.swift in Sources */ = {isa = PBXBuildFile; fileRef = 76B8E4F922EADCAA00D99495 /* Constraints.swift */; };
		76C0CFF62302987800E25900 /* CartItemType.swift in Sources */ = {isa = PBXBuildFile; fileRef = 76C0CFF52302987800E25900 /* CartItemType.swift */; };
		76C0CFF82302989800E25900 /* CartMainDelegate.swift in Sources */ = {isa = PBXBuildFile; fileRef = 76C0CFF72302989800E25900 /* CartMainDelegate.swift */; };
		76E7C0F32301317E003A07B2 /* UIView+Extensions.swift in Sources */ = {isa = PBXBuildFile; fileRef = 76E7C0F22301317E003A07B2 /* UIView+Extensions.swift */; };
		F3188FAE23391FFA00D91B1D /* CircularButtonConformance.swift in Sources */ = {isa = PBXBuildFile; fileRef = F3188FAD23391FFA00D91B1D /* CircularButtonConformance.swift */; };
		F325136E2332157D00B11EA6 /* MediaTypeEnum.swift in Sources */ = {isa = PBXBuildFile; fileRef = F325136D2332157D00B11EA6 /* MediaTypeEnum.swift */; };
		F32591472330B10F00A11090 /* VideoAssetPreviewController.swift in Sources */ = {isa = PBXBuildFile; fileRef = F32591452330B10F00A11090 /* VideoAssetPreviewController.swift */; };
		F358F616231EE2CF008BD8C0 /* BottomToolbarView.swift in Sources */ = {isa = PBXBuildFile; fileRef = F358F615231EE2CF008BD8C0 /* BottomToolbarView.swift */; };
		F376104B231FA48100BC47D1 /* PhotoEditorController+Drawing.swift in Sources */ = {isa = PBXBuildFile; fileRef = F376104A231FA48100BC47D1 /* PhotoEditorController+Drawing.swift */; };
		F376104D231FB3DA00BC47D1 /* PhotoEditorController+Gestures.swift in Sources */ = {isa = PBXBuildFile; fileRef = F376104C231FB3DA00BC47D1 /* PhotoEditorController+Gestures.swift */; };
		F38255FD233A71E800CE30A6 /* MediaModalBaseController.swift in Sources */ = {isa = PBXBuildFile; fileRef = F38255FC233A71E800CE30A6 /* MediaModalBaseController.swift */; };
		F38255FF233B557100CE30A6 /* FilenameComposer.swift in Sources */ = {isa = PBXBuildFile; fileRef = F38255FE233B557100CE30A6 /* FilenameComposer.swift */; };
		F3884B5B2320EB72003E987C /* PhotoEditorController+UITextView.swift in Sources */ = {isa = PBXBuildFile; fileRef = F3884B5A2320EB72003E987C /* PhotoEditorController+UITextView.swift */; };
		F394A27F253440030002C5B7 /* LocationManager.swift in Sources */ = {isa = PBXBuildFile; fileRef = F394A27E253440030002C5B7 /* LocationManager.swift */; };
		F3B05278231E498D00558428 /* PhotoEditorController.swift in Sources */ = {isa = PBXBuildFile; fileRef = F3B05277231E498D00558428 /* PhotoEditorController.swift */; };
		F3B0527D231E5E8200558428 /* TopToolbarView.swift in Sources */ = {isa = PBXBuildFile; fileRef = F3B0527C231E5E8200558428 /* TopToolbarView.swift */; };
		F3B0527F231E67CA00558428 /* CircularBorderButton.swift in Sources */ = {isa = PBXBuildFile; fileRef = F3B0527E231E67CA00558428 /* CircularBorderButton.swift */; };
		F3B2B4DA233F8D5F00F2CCBE /* PagesController.swift in Sources */ = {isa = PBXBuildFile; fileRef = F3B2B4D9233F8D5F00F2CCBE /* PagesController.swift */; };
		F3B2B4DC233F8D6E00F2CCBE /* PagesController+CartButtonDelegate.swift in Sources */ = {isa = PBXBuildFile; fileRef = F3B2B4DB233F8D6E00F2CCBE /* PagesController+CartButtonDelegate.swift */; };
		F3B2B4DE233F8D8B00F2CCBE /* PagesController+BottomViewDelegate.swift in Sources */ = {isa = PBXBuildFile; fileRef = F3B2B4DD233F8D8B00F2CCBE /* PagesController+BottomViewDelegate.swift */; };
		F3B2B4E0233F8DC200F2CCBE /* PageIndicatorDelegate.swift in Sources */ = {isa = PBXBuildFile; fileRef = F3B2B4DF233F8DC200F2CCBE /* PageIndicatorDelegate.swift */; };
		F3B2B4E2233F8DDC00F2CCBE /* PagesController+UIScrollViewDelegate.swift in Sources */ = {isa = PBXBuildFile; fileRef = F3B2B4E1233F8DDC00F2CCBE /* PagesController+UIScrollViewDelegate.swift */; };
		F3B2B4E4233F8DF200F2CCBE /* PagesController+PageIndicatorDelegate.swift in Sources */ = {isa = PBXBuildFile; fileRef = F3B2B4E3233F8DF200F2CCBE /* PagesController+PageIndicatorDelegate.swift */; };
		F3B2B4E7233F902400F2CCBE /* MediaPickerController+PhotoEditorDelegate.swift in Sources */ = {isa = PBXBuildFile; fileRef = F3B2B4E6233F902400F2CCBE /* MediaPickerController+PhotoEditorDelegate.swift */; };
		F3B2B4E9233F90B500F2CCBE /* MediaPickerController+CartMainDelegate.swift in Sources */ = {isa = PBXBuildFile; fileRef = F3B2B4E8233F90B500F2CCBE /* MediaPickerController+CartMainDelegate.swift */; };
		F3B2B4EB233F90E300F2CCBE /* MediaPickerControllerDelegate.swift in Sources */ = {isa = PBXBuildFile; fileRef = F3B2B4EA233F90E300F2CCBE /* MediaPickerControllerDelegate.swift */; };
		F3B2B4ED233F910500F2CCBE /* MediaPickerController+PermissionDelegate.swift in Sources */ = {isa = PBXBuildFile; fileRef = F3B2B4EC233F910500F2CCBE /* MediaPickerController+PermissionDelegate.swift */; };
		F3B2B4EF233F92A300F2CCBE /* LibraryController+CartDelegate.swift in Sources */ = {isa = PBXBuildFile; fileRef = F3B2B4EE233F92A300F2CCBE /* LibraryController+CartDelegate.swift */; };
		F3B2B4F1233F92BF00F2CCBE /* AudioController+CartDelegate.swift in Sources */ = {isa = PBXBuildFile; fileRef = F3B2B4F0233F92BF00F2CCBE /* AudioController+CartDelegate.swift */; };
		F3B2B4F3233F92E200F2CCBE /* CameraController+CartDelegate.swift in Sources */ = {isa = PBXBuildFile; fileRef = F3B2B4F2233F92E200F2CCBE /* CameraController+CartDelegate.swift */; };
		F3B2B4F5233F92FE00F2CCBE /* CameraController+CameraManDelegate.swift in Sources */ = {isa = PBXBuildFile; fileRef = F3B2B4F4233F92FE00F2CCBE /* CameraController+CameraManDelegate.swift */; };
		F3B2B4F7233F938200F2CCBE /* CameraController+CameraPageAware.swift in Sources */ = {isa = PBXBuildFile; fileRef = F3B2B4F6233F938200F2CCBE /* CameraController+CameraPageAware.swift */; };
		F3B2B4F9233F93B900F2CCBE /* CameraController+CameraViewDelegate.swift in Sources */ = {isa = PBXBuildFile; fileRef = F3B2B4F8233F93B900F2CCBE /* CameraController+CameraViewDelegate.swift */; };
		F3B5D40A233A055B001530F7 /* CameraPageAware.swift in Sources */ = {isa = PBXBuildFile; fileRef = F3B5D409233A055B001530F7 /* CameraPageAware.swift */; };
		F3B5D40C233A0574001530F7 /* BottomViewCartItemsDelegate.swift in Sources */ = {isa = PBXBuildFile; fileRef = F3B5D40B233A0574001530F7 /* BottomViewCartItemsDelegate.swift */; };
		F3B5D40E233A0610001530F7 /* ColorSelectedDelegate.swift in Sources */ = {isa = PBXBuildFile; fileRef = F3B5D40D233A0610001530F7 /* ColorSelectedDelegate.swift */; };
		F3B5D410233A063D001530F7 /* PhotoEditorDelegate.swift in Sources */ = {isa = PBXBuildFile; fileRef = F3B5D40F233A063D001530F7 /* PhotoEditorDelegate.swift */; };
		F3D8316823422637006D161A /* AudioController+PageAware.swift in Sources */ = {isa = PBXBuildFile; fileRef = F3D8316723422637006D161A /* AudioController+PageAware.swift */; };
		F3D8316A23422672006D161A /* LibraryController+PageAware.swift in Sources */ = {isa = PBXBuildFile; fileRef = F3D8316923422672006D161A /* LibraryController+PageAware.swift */; };
		F3D8316C23422697006D161A /* LibraryController+DropdownControllerDelegate.swift in Sources */ = {isa = PBXBuildFile; fileRef = F3D8316B23422697006D161A /* LibraryController+DropdownControllerDelegate.swift */; };
		F3D8316E234226B7006D161A /* LibraryController+DataSource.swift in Sources */ = {isa = PBXBuildFile; fileRef = F3D8316D234226B7006D161A /* LibraryController+DataSource.swift */; };
		F3DAEEF227B3D6FC00C3E18D /* StackView.swift in Sources */ = {isa = PBXBuildFile; fileRef = F3DAEEF127B3D6FC00C3E18D /* StackView.swift */; };
		F3EDDC23232F6D0800BCD975 /* PageAware.swift in Sources */ = {isa = PBXBuildFile; fileRef = F3EDDC22232F6D0800BCD975 /* PageAware.swift */; };
		F3EDDC25232F710700BCD975 /* BottomViewDelegate.swift in Sources */ = {isa = PBXBuildFile; fileRef = F3EDDC24232F710700BCD975 /* BottomViewDelegate.swift */; };
/* End PBXBuildFile section */

/* Begin PBXContainerItemProxy section */
		761BA01E22E9BFFE004D494E /* PBXContainerItemProxy */ = {
			isa = PBXContainerItemProxy;
			containerPortal = 761B9FCB22E9BAB8004D494E /* Project object */;
			proxyType = 1;
			remoteGlobalIDString = 761B9FD322E9BAB9004D494E;
			remoteInfo = MediaPicker;
		};
/* End PBXContainerItemProxy section */

/* Begin PBXCopyFilesBuildPhase section */
		761BA02022E9BFFF004D494E /* Embed Frameworks */ = {
			isa = PBXCopyFilesBuildPhase;
			buildActionMask = 2147483647;
			dstPath = "";
			dstSubfolderSpec = 10;
			files = (
				761BA01D22E9BFFE004D494E /* MediaPicker.framework in Embed Frameworks */,
			);
			name = "Embed Frameworks";
			runOnlyForDeploymentPostprocessing = 0;
		};
/* End PBXCopyFilesBuildPhase section */

/* Begin PBXFileReference section */
		72484074F965E3DC8841269E /* libPods-MediaPickerExample.a */ = {isa = PBXFileReference; explicitFileType = archive.ar; includeInIndex = 0; path = "libPods-MediaPickerExample.a"; sourceTree = BUILT_PRODUCTS_DIR; };
		760D17B9230A8F3100D5E192 /* CameraMan.swift */ = {isa = PBXFileReference; lastKnownFileType = sourcecode.swift; path = CameraMan.swift; sourceTree = "<group>"; };
		760D17BB230A8F9800D5E192 /* ClosuredAVCaptureMoveFileOutput.swift */ = {isa = PBXFileReference; lastKnownFileType = sourcecode.swift; path = ClosuredAVCaptureMoveFileOutput.swift; sourceTree = "<group>"; };
		760D17BD230A907A00D5E192 /* Fetcher.swift */ = {isa = PBXFileReference; lastKnownFileType = sourcecode.swift; path = Fetcher.swift; sourceTree = "<group>"; };
		760D17BF230A90B900D5E192 /* CameraView.swift */ = {isa = PBXFileReference; lastKnownFileType = sourcecode.swift; path = CameraView.swift; sourceTree = "<group>"; };
		760D17C1230A91DE00D5E192 /* FlashButton.swift */ = {isa = PBXFileReference; lastKnownFileType = sourcecode.swift; path = FlashButton.swift; sourceTree = "<group>"; };
		7617E87122F87706007B7E4E /* MediaToolbarState.swift */ = {isa = PBXFileReference; lastKnownFileType = sourcecode.swift; path = MediaToolbarState.swift; sourceTree = "<group>"; };
		7618EE0F22F4579C0051C287 /* BottomView.swift */ = {isa = PBXFileReference; lastKnownFileType = sourcecode.swift; path = BottomView.swift; sourceTree = "<group>"; };
		7618EE1122F475AC0051C287 /* GalleryFloatingButton.swift */ = {isa = PBXFileReference; lastKnownFileType = sourcecode.swift; path = GalleryFloatingButton.swift; sourceTree = "<group>"; };
		7618EE1322F477F70051C287 /* EventHub.swift */ = {isa = PBXFileReference; lastKnownFileType = sourcecode.swift; path = EventHub.swift; sourceTree = "<group>"; };
		7618EE1522F489C50051C287 /* ShutterButton.swift */ = {isa = PBXFileReference; lastKnownFileType = sourcecode.swift; path = ShutterButton.swift; sourceTree = "<group>"; };
		761B9FD422E9BAB9004D494E /* MediaPicker.framework */ = {isa = PBXFileReference; explicitFileType = wrapper.framework; includeInIndex = 0; path = MediaPicker.framework; sourceTree = BUILT_PRODUCTS_DIR; };
		761B9FD722E9BAB9004D494E /* MediaPicker.h */ = {isa = PBXFileReference; lastKnownFileType = sourcecode.c.h; path = MediaPicker.h; sourceTree = "<group>"; };
		761B9FD822E9BAB9004D494E /* Info.plist */ = {isa = PBXFileReference; lastKnownFileType = text.plist.xml; path = Info.plist; sourceTree = "<group>"; };
		761B9FFD22E9BBE4004D494E /* MediaPickerController.swift */ = {isa = PBXFileReference; lastKnownFileType = sourcecode.swift; path = MediaPickerController.swift; sourceTree = "<group>"; };
		761BA00A22E9BE4C004D494E /* MediaPickerExample.app */ = {isa = PBXFileReference; explicitFileType = wrapper.application; includeInIndex = 0; path = MediaPickerExample.app; sourceTree = BUILT_PRODUCTS_DIR; };
		761BA00C22E9BE4C004D494E /* AppDelegate.swift */ = {isa = PBXFileReference; lastKnownFileType = sourcecode.swift; path = AppDelegate.swift; sourceTree = "<group>"; };
		761BA00E22E9BE4C004D494E /* ViewController.swift */ = {isa = PBXFileReference; lastKnownFileType = sourcecode.swift; path = ViewController.swift; sourceTree = "<group>"; };
		761BA01122E9BE4C004D494E /* Base */ = {isa = PBXFileReference; lastKnownFileType = file.storyboard; name = Base; path = Base.lproj/Main.storyboard; sourceTree = "<group>"; };
		761BA01322E9BE4D004D494E /* Assets.xcassets */ = {isa = PBXFileReference; lastKnownFileType = folder.assetcatalog; path = Assets.xcassets; sourceTree = "<group>"; };
		761BA01622E9BE4D004D494E /* Base */ = {isa = PBXFileReference; lastKnownFileType = file.storyboard; name = Base; path = Base.lproj/LaunchScreen.storyboard; sourceTree = "<group>"; };
		761BA01822E9BE4D004D494E /* Info.plist */ = {isa = PBXFileReference; lastKnownFileType = text.plist.xml; path = Info.plist; sourceTree = "<group>"; };
		761E0B522313C3730072B5BE /* ColorsCollectionViewDelegate.swift */ = {isa = PBXFileReference; lastKnownFileType = sourcecode.swift; path = ColorsCollectionViewDelegate.swift; sourceTree = "<group>"; };
		761E0B542313C4C90072B5BE /* ColorCollectionViewCell.swift */ = {isa = PBXFileReference; lastKnownFileType = sourcecode.swift; path = ColorCollectionViewCell.swift; sourceTree = "<group>"; };
		761E0B5A2313C6430072B5BE /* UIImageView+Alpha.swift */ = {isa = PBXFileReference; lastKnownFileType = sourcecode.swift; path = "UIImageView+Alpha.swift"; sourceTree = "<group>"; };
		761E0B5C2313C65F0072B5BE /* UIView+Image.swift */ = {isa = PBXFileReference; lastKnownFileType = sourcecode.swift; path = "UIView+Image.swift"; sourceTree = "<group>"; };
		761E0B5E2313C67B0072B5BE /* UIImage+Size.swift */ = {isa = PBXFileReference; lastKnownFileType = sourcecode.swift; path = "UIImage+Size.swift"; sourceTree = "<group>"; };
		7639064A22F2CA8C007CD4CE /* PageIndicator.swift */ = {isa = PBXFileReference; lastKnownFileType = sourcecode.swift; path = PageIndicator.swift; sourceTree = "<group>"; };
		7639064C22F2D6D0007CD4CE /* PermissionControllerDelegate.swift */ = {isa = PBXFileReference; lastKnownFileType = sourcecode.swift; path = PermissionControllerDelegate.swift; sourceTree = "<group>"; };
		7639065022F2DC7C007CD4CE /* LibraryController.swift */ = {isa = PBXFileReference; lastKnownFileType = sourcecode.swift; path = LibraryController.swift; sourceTree = "<group>"; };
		7639065222F2DD34007CD4CE /* LibraryAlbum.swift */ = {isa = PBXFileReference; lastKnownFileType = sourcecode.swift; path = LibraryAlbum.swift; sourceTree = "<group>"; };
		7639065522F2DD5D007CD4CE /* Image.swift */ = {isa = PBXFileReference; lastKnownFileType = sourcecode.swift; path = Image.swift; sourceTree = "<group>"; };
		7639065722F2DD75007CD4CE /* Video.swift */ = {isa = PBXFileReference; lastKnownFileType = sourcecode.swift; path = Video.swift; sourceTree = "<group>"; };
		7639065922F2DDD3007CD4CE /* Utils.swift */ = {isa = PBXFileReference; lastKnownFileType = sourcecode.swift; path = Utils.swift; sourceTree = "<group>"; };
		7639065B22F2E30A007CD4CE /* Audio.swift */ = {isa = PBXFileReference; lastKnownFileType = sourcecode.swift; path = Audio.swift; sourceTree = "<group>"; };
		7639066022F2E40F007CD4CE /* ImageCell.swift */ = {isa = PBXFileReference; lastKnownFileType = sourcecode.swift; path = ImageCell.swift; sourceTree = "<group>"; };
		7639066322F2E60E007CD4CE /* FrameView.swift */ = {isa = PBXFileReference; lastKnownFileType = sourcecode.swift; path = FrameView.swift; sourceTree = "<group>"; };
		7639066522F2E65B007CD4CE /* MediaPickerConfig.swift */ = {isa = PBXFileReference; lastKnownFileType = sourcecode.swift; path = MediaPickerConfig.swift; sourceTree = "<group>"; };
		7639066722F2E7CD007CD4CE /* UIImageView+Extensions.swift */ = {isa = PBXFileReference; lastKnownFileType = sourcecode.swift; path = "UIImageView+Extensions.swift"; sourceTree = "<group>"; };
		7639066922F2E7FE007CD4CE /* VideoCell.swift */ = {isa = PBXFileReference; lastKnownFileType = sourcecode.swift; path = VideoCell.swift; sourceTree = "<group>"; };
		7639066B22F2E8FB007CD4CE /* Library.swift */ = {isa = PBXFileReference; lastKnownFileType = sourcecode.swift; path = Library.swift; sourceTree = "<group>"; };
		7639066D22F2EB84007CD4CE /* Array+Extensions.swift */ = {isa = PBXFileReference; lastKnownFileType = sourcecode.swift; path = "Array+Extensions.swift"; sourceTree = "<group>"; };
		7639067022F2ED5E007CD4CE /* DropdownController.swift */ = {isa = PBXFileReference; lastKnownFileType = sourcecode.swift; path = DropdownController.swift; sourceTree = "<group>"; };
		7639067222F2ED91007CD4CE /* AlbumCell.swift */ = {isa = PBXFileReference; lastKnownFileType = sourcecode.swift; path = AlbumCell.swift; sourceTree = "<group>"; };
		7639067422F2EE10007CD4CE /* EmptyView.swift */ = {isa = PBXFileReference; lastKnownFileType = sourcecode.swift; path = EmptyView.swift; sourceTree = "<group>"; };
		7639067622F2EE2D007CD4CE /* ArrowButton.swift */ = {isa = PBXFileReference; lastKnownFileType = sourcecode.swift; path = ArrowButton.swift; sourceTree = "<group>"; };
		7639067822F2EE3B007CD4CE /* GridView.swift */ = {isa = PBXFileReference; lastKnownFileType = sourcecode.swift; path = GridView.swift; sourceTree = "<group>"; };
		7639067A22F2EF9B007CD4CE /* UIScrollView+Extensions.swift */ = {isa = PBXFileReference; lastKnownFileType = sourcecode.swift; path = "UIScrollView+Extensions.swift"; sourceTree = "<group>"; };
		76511DFC22FC10C100F4F32E /* CartDelegate.swift */ = {isa = PBXFileReference; lastKnownFileType = sourcecode.swift; path = CartDelegate.swift; sourceTree = "<group>"; };
		76511DFE22FC10F300F4F32E /* Cart.swift */ = {isa = PBXFileReference; lastKnownFileType = sourcecode.swift; path = Cart.swift; sourceTree = "<group>"; };
		76511E0022FC113400F4F32E /* CartItemProtocol.swift */ = {isa = PBXFileReference; lastKnownFileType = sourcecode.swift; path = CartItemProtocol.swift; sourceTree = "<group>"; };
		768A03E32306767D00C9B65F /* CameraController.swift */ = {isa = PBXFileReference; lastKnownFileType = sourcecode.swift; path = CameraController.swift; sourceTree = "<group>"; };
		768A03E6230676A100C9B65F /* AudioController.swift */ = {isa = PBXFileReference; lastKnownFileType = sourcecode.swift; path = AudioController.swift; sourceTree = "<group>"; };
		768A03E823067C4D00C9B65F /* AudioView.swift */ = {isa = PBXFileReference; lastKnownFileType = sourcecode.swift; path = AudioView.swift; sourceTree = "<group>"; };
		768A03EA2306C5A400C9B65F /* AudioPreviewController.swift */ = {isa = PBXFileReference; lastKnownFileType = sourcecode.swift; path = AudioPreviewController.swift; sourceTree = "<group>"; };
		76AFCBE922F81E1400E1B7CB /* CartCollectionView.swift */ = {isa = PBXFileReference; lastKnownFileType = sourcecode.swift; path = CartCollectionView.swift; sourceTree = "<group>"; };
		76AFCBEB22F81E6300E1B7CB /* HorizontalScrollView.swift */ = {isa = PBXFileReference; lastKnownFileType = sourcecode.swift; path = HorizontalScrollView.swift; sourceTree = "<group>"; };
		76AFCBED22F8201100E1B7CB /* CartCollectionItemView.swift */ = {isa = PBXFileReference; lastKnownFileType = sourcecode.swift; path = CartCollectionItemView.swift; sourceTree = "<group>"; };
		76AFCBEF22F8317600E1B7CB /* FilenameInputView.swift */ = {isa = PBXFileReference; lastKnownFileType = sourcecode.swift; path = FilenameInputView.swift; sourceTree = "<group>"; };
		76B8E4E422EACE0000D99495 /* PermissionController.swift */ = {isa = PBXFileReference; lastKnownFileType = sourcecode.swift; path = PermissionController.swift; sourceTree = "<group>"; };
		76B8E4E722EACE0E00D99495 /* PermissionView.swift */ = {isa = PBXFileReference; lastKnownFileType = sourcecode.swift; path = PermissionView.swift; sourceTree = "<group>"; };
		76B8E4E922EACE2900D99495 /* PermissionSentry.swift */ = {isa = PBXFileReference; lastKnownFileType = sourcecode.swift; path = PermissionSentry.swift; sourceTree = "<group>"; };
		76B8E4EC22EAD23100D99495 /* Once.swift */ = {isa = PBXFileReference; lastKnownFileType = sourcecode.swift; path = Once.swift; sourceTree = "<group>"; };
		76B8E4EF22EAD3A200D99495 /* String+Extensions.swift */ = {isa = PBXFileReference; lastKnownFileType = sourcecode.swift; path = "String+Extensions.swift"; sourceTree = "<group>"; };
		76B8E4F322EAD55700D99495 /* MediaPicker.bundle */ = {isa = PBXFileReference; lastKnownFileType = "wrapper.plug-in"; path = MediaPicker.bundle; sourceTree = "<group>"; };
		76B8E4F522EAD5CB00D99495 /* MediaPickerBundle.swift */ = {isa = PBXFileReference; lastKnownFileType = sourcecode.swift; path = MediaPickerBundle.swift; sourceTree = "<group>"; };
		76B8E4F722EADA5F00D99495 /* UIViewController+Extensions.swift */ = {isa = PBXFileReference; lastKnownFileType = sourcecode.swift; path = "UIViewController+Extensions.swift"; sourceTree = "<group>"; };
		76B8E4F922EADCAA00D99495 /* Constraints.swift */ = {isa = PBXFileReference; lastKnownFileType = sourcecode.swift; path = Constraints.swift; sourceTree = "<group>"; };
		76C0CFF52302987800E25900 /* CartItemType.swift */ = {isa = PBXFileReference; lastKnownFileType = sourcecode.swift; path = CartItemType.swift; sourceTree = "<group>"; };
		76C0CFF72302989800E25900 /* CartMainDelegate.swift */ = {isa = PBXFileReference; lastKnownFileType = sourcecode.swift; path = CartMainDelegate.swift; sourceTree = "<group>"; };
		76E7C0F22301317E003A07B2 /* UIView+Extensions.swift */ = {isa = PBXFileReference; lastKnownFileType = sourcecode.swift; path = "UIView+Extensions.swift"; sourceTree = "<group>"; };
		95A2F5E5AC6773663012332B /* libPods-MediaPicker.a */ = {isa = PBXFileReference; explicitFileType = archive.ar; includeInIndex = 0; path = "libPods-MediaPicker.a"; sourceTree = BUILT_PRODUCTS_DIR; };
		C93BBDA1741750E360652C5D /* Pods-MediaPickerExample.release.xcconfig */ = {isa = PBXFileReference; includeInIndex = 1; lastKnownFileType = text.xcconfig; name = "Pods-MediaPickerExample.release.xcconfig"; path = "Target Support Files/Pods-MediaPickerExample/Pods-MediaPickerExample.release.xcconfig"; sourceTree = "<group>"; };
		EA1D1DAF60F604BFAFB7146E /* Pods-MediaPickerExample.debug.xcconfig */ = {isa = PBXFileReference; includeInIndex = 1; lastKnownFileType = text.xcconfig; name = "Pods-MediaPickerExample.debug.xcconfig"; path = "Target Support Files/Pods-MediaPickerExample/Pods-MediaPickerExample.debug.xcconfig"; sourceTree = "<group>"; };
		F3188FAD23391FFA00D91B1D /* CircularButtonConformance.swift */ = {isa = PBXFileReference; lastKnownFileType = sourcecode.swift; path = CircularButtonConformance.swift; sourceTree = "<group>"; };
		F325136D2332157D00B11EA6 /* MediaTypeEnum.swift */ = {isa = PBXFileReference; lastKnownFileType = sourcecode.swift; path = MediaTypeEnum.swift; sourceTree = "<group>"; };
		F32591452330B10F00A11090 /* VideoAssetPreviewController.swift */ = {isa = PBXFileReference; lastKnownFileType = sourcecode.swift; path = VideoAssetPreviewController.swift; sourceTree = "<group>"; };
		F358F615231EE2CF008BD8C0 /* BottomToolbarView.swift */ = {isa = PBXFileReference; lastKnownFileType = sourcecode.swift; path = BottomToolbarView.swift; sourceTree = "<group>"; };
		F376104A231FA48100BC47D1 /* PhotoEditorController+Drawing.swift */ = {isa = PBXFileReference; lastKnownFileType = sourcecode.swift; path = "PhotoEditorController+Drawing.swift"; sourceTree = "<group>"; };
		F376104C231FB3DA00BC47D1 /* PhotoEditorController+Gestures.swift */ = {isa = PBXFileReference; lastKnownFileType = sourcecode.swift; path = "PhotoEditorController+Gestures.swift"; sourceTree = "<group>"; };
		F38255FC233A71E800CE30A6 /* MediaModalBaseController.swift */ = {isa = PBXFileReference; lastKnownFileType = sourcecode.swift; path = MediaModalBaseController.swift; sourceTree = "<group>"; };
		F38255FE233B557100CE30A6 /* FilenameComposer.swift */ = {isa = PBXFileReference; lastKnownFileType = sourcecode.swift; path = FilenameComposer.swift; sourceTree = "<group>"; };
		F3884B5A2320EB72003E987C /* PhotoEditorController+UITextView.swift */ = {isa = PBXFileReference; lastKnownFileType = sourcecode.swift; path = "PhotoEditorController+UITextView.swift"; sourceTree = "<group>"; };
		F394A27E253440030002C5B7 /* LocationManager.swift */ = {isa = PBXFileReference; lastKnownFileType = sourcecode.swift; path = LocationManager.swift; sourceTree = "<group>"; };
		F3B05277231E498D00558428 /* PhotoEditorController.swift */ = {isa = PBXFileReference; lastKnownFileType = sourcecode.swift; path = PhotoEditorController.swift; sourceTree = "<group>"; };
		F3B0527C231E5E8200558428 /* TopToolbarView.swift */ = {isa = PBXFileReference; lastKnownFileType = sourcecode.swift; path = TopToolbarView.swift; sourceTree = "<group>"; };
		F3B0527E231E67CA00558428 /* CircularBorderButton.swift */ = {isa = PBXFileReference; lastKnownFileType = sourcecode.swift; path = CircularBorderButton.swift; sourceTree = "<group>"; };
		F3B2B4D9233F8D5F00F2CCBE /* PagesController.swift */ = {isa = PBXFileReference; lastKnownFileType = sourcecode.swift; path = PagesController.swift; sourceTree = "<group>"; };
		F3B2B4DB233F8D6E00F2CCBE /* PagesController+CartButtonDelegate.swift */ = {isa = PBXFileReference; lastKnownFileType = sourcecode.swift; path = "PagesController+CartButtonDelegate.swift"; sourceTree = "<group>"; };
		F3B2B4DD233F8D8B00F2CCBE /* PagesController+BottomViewDelegate.swift */ = {isa = PBXFileReference; lastKnownFileType = sourcecode.swift; path = "PagesController+BottomViewDelegate.swift"; sourceTree = "<group>"; };
		F3B2B4DF233F8DC200F2CCBE /* PageIndicatorDelegate.swift */ = {isa = PBXFileReference; lastKnownFileType = sourcecode.swift; path = PageIndicatorDelegate.swift; sourceTree = "<group>"; };
		F3B2B4E1233F8DDC00F2CCBE /* PagesController+UIScrollViewDelegate.swift */ = {isa = PBXFileReference; lastKnownFileType = sourcecode.swift; path = "PagesController+UIScrollViewDelegate.swift"; sourceTree = "<group>"; };
		F3B2B4E3233F8DF200F2CCBE /* PagesController+PageIndicatorDelegate.swift */ = {isa = PBXFileReference; lastKnownFileType = sourcecode.swift; path = "PagesController+PageIndicatorDelegate.swift"; sourceTree = "<group>"; };
		F3B2B4E6233F902400F2CCBE /* MediaPickerController+PhotoEditorDelegate.swift */ = {isa = PBXFileReference; lastKnownFileType = sourcecode.swift; path = "MediaPickerController+PhotoEditorDelegate.swift"; sourceTree = "<group>"; };
		F3B2B4E8233F90B500F2CCBE /* MediaPickerController+CartMainDelegate.swift */ = {isa = PBXFileReference; lastKnownFileType = sourcecode.swift; path = "MediaPickerController+CartMainDelegate.swift"; sourceTree = "<group>"; };
		F3B2B4EA233F90E300F2CCBE /* MediaPickerControllerDelegate.swift */ = {isa = PBXFileReference; lastKnownFileType = sourcecode.swift; path = MediaPickerControllerDelegate.swift; sourceTree = "<group>"; };
		F3B2B4EC233F910500F2CCBE /* MediaPickerController+PermissionDelegate.swift */ = {isa = PBXFileReference; lastKnownFileType = sourcecode.swift; path = "MediaPickerController+PermissionDelegate.swift"; sourceTree = "<group>"; };
		F3B2B4EE233F92A300F2CCBE /* LibraryController+CartDelegate.swift */ = {isa = PBXFileReference; lastKnownFileType = sourcecode.swift; path = "LibraryController+CartDelegate.swift"; sourceTree = "<group>"; };
		F3B2B4F0233F92BF00F2CCBE /* AudioController+CartDelegate.swift */ = {isa = PBXFileReference; lastKnownFileType = sourcecode.swift; path = "AudioController+CartDelegate.swift"; sourceTree = "<group>"; };
		F3B2B4F2233F92E200F2CCBE /* CameraController+CartDelegate.swift */ = {isa = PBXFileReference; lastKnownFileType = sourcecode.swift; path = "CameraController+CartDelegate.swift"; sourceTree = "<group>"; };
		F3B2B4F4233F92FE00F2CCBE /* CameraController+CameraManDelegate.swift */ = {isa = PBXFileReference; lastKnownFileType = sourcecode.swift; path = "CameraController+CameraManDelegate.swift"; sourceTree = "<group>"; };
		F3B2B4F6233F938200F2CCBE /* CameraController+CameraPageAware.swift */ = {isa = PBXFileReference; lastKnownFileType = sourcecode.swift; path = "CameraController+CameraPageAware.swift"; sourceTree = "<group>"; };
		F3B2B4F8233F93B900F2CCBE /* CameraController+CameraViewDelegate.swift */ = {isa = PBXFileReference; lastKnownFileType = sourcecode.swift; path = "CameraController+CameraViewDelegate.swift"; sourceTree = "<group>"; };
		F3B5D409233A055B001530F7 /* CameraPageAware.swift */ = {isa = PBXFileReference; lastKnownFileType = sourcecode.swift; path = CameraPageAware.swift; sourceTree = "<group>"; };
		F3B5D40B233A0574001530F7 /* BottomViewCartItemsDelegate.swift */ = {isa = PBXFileReference; lastKnownFileType = sourcecode.swift; path = BottomViewCartItemsDelegate.swift; sourceTree = "<group>"; };
		F3B5D40D233A0610001530F7 /* ColorSelectedDelegate.swift */ = {isa = PBXFileReference; lastKnownFileType = sourcecode.swift; path = ColorSelectedDelegate.swift; sourceTree = "<group>"; };
		F3B5D40F233A063D001530F7 /* PhotoEditorDelegate.swift */ = {isa = PBXFileReference; lastKnownFileType = sourcecode.swift; path = PhotoEditorDelegate.swift; sourceTree = "<group>"; };
		F3D8316723422637006D161A /* AudioController+PageAware.swift */ = {isa = PBXFileReference; lastKnownFileType = sourcecode.swift; path = "AudioController+PageAware.swift"; sourceTree = "<group>"; };
		F3D8316923422672006D161A /* LibraryController+PageAware.swift */ = {isa = PBXFileReference; lastKnownFileType = sourcecode.swift; path = "LibraryController+PageAware.swift"; sourceTree = "<group>"; };
		F3D8316B23422697006D161A /* LibraryController+DropdownControllerDelegate.swift */ = {isa = PBXFileReference; lastKnownFileType = sourcecode.swift; path = "LibraryController+DropdownControllerDelegate.swift"; sourceTree = "<group>"; };
		F3D8316D234226B7006D161A /* LibraryController+DataSource.swift */ = {isa = PBXFileReference; lastKnownFileType = sourcecode.swift; path = "LibraryController+DataSource.swift"; sourceTree = "<group>"; };
		F3DAEEF127B3D6FC00C3E18D /* StackView.swift */ = {isa = PBXFileReference; lastKnownFileType = sourcecode.swift; path = StackView.swift; sourceTree = "<group>"; };
		F3EDDC22232F6D0800BCD975 /* PageAware.swift */ = {isa = PBXFileReference; lastKnownFileType = sourcecode.swift; path = PageAware.swift; sourceTree = "<group>"; };
		F3EDDC24232F710700BCD975 /* BottomViewDelegate.swift */ = {isa = PBXFileReference; lastKnownFileType = sourcecode.swift; path = BottomViewDelegate.swift; sourceTree = "<group>"; };
		FA94D9087C7678EE5522FFBC /* Pods-MediaPicker.debug.xcconfig */ = {isa = PBXFileReference; includeInIndex = 1; lastKnownFileType = text.xcconfig; name = "Pods-MediaPicker.debug.xcconfig"; path = "Target Support Files/Pods-MediaPicker/Pods-MediaPicker.debug.xcconfig"; sourceTree = "<group>"; };
		FE4D8B78D91B51251B188524 /* Pods-MediaPicker.release.xcconfig */ = {isa = PBXFileReference; includeInIndex = 1; lastKnownFileType = text.xcconfig; name = "Pods-MediaPicker.release.xcconfig"; path = "Target Support Files/Pods-MediaPicker/Pods-MediaPicker.release.xcconfig"; sourceTree = "<group>"; };
/* End PBXFileReference section */

/* Begin PBXFrameworksBuildPhase section */
		761B9FD122E9BAB9004D494E /* Frameworks */ = {
			isa = PBXFrameworksBuildPhase;
			buildActionMask = 2147483647;
			files = (
				055EAF89466E0E99A3F3EF27 /* libPods-MediaPicker.a in Frameworks */,
			);
			runOnlyForDeploymentPostprocessing = 0;
		};
		761BA00722E9BE4C004D494E /* Frameworks */ = {
			isa = PBXFrameworksBuildPhase;
			buildActionMask = 2147483647;
			files = (
				761BA01C22E9BFFE004D494E /* MediaPicker.framework in Frameworks */,
				15AF0B6D0A006ACF1A418812 /* libPods-MediaPickerExample.a in Frameworks */,
			);
			runOnlyForDeploymentPostprocessing = 0;
		};
/* End PBXFrameworksBuildPhase section */

/* Begin PBXGroup section */
		130BE6958816C0518A7668EC /* Pods */ = {
			isa = PBXGroup;
			children = (
				FA94D9087C7678EE5522FFBC /* Pods-MediaPicker.debug.xcconfig */,
				FE4D8B78D91B51251B188524 /* Pods-MediaPicker.release.xcconfig */,
				EA1D1DAF60F604BFAFB7146E /* Pods-MediaPickerExample.debug.xcconfig */,
				C93BBDA1741750E360652C5D /* Pods-MediaPickerExample.release.xcconfig */,
			);
			path = Pods;
			sourceTree = "<group>";
		};
		285FE50200D02790CA93A6FB /* Frameworks */ = {
			isa = PBXGroup;
			children = (
				95A2F5E5AC6773663012332B /* libPods-MediaPicker.a */,
				72484074F965E3DC8841269E /* libPods-MediaPickerExample.a */,
			);
			name = Frameworks;
			sourceTree = "<group>";
		};
		761B9FCA22E9BAB8004D494E = {
			isa = PBXGroup;
			children = (
				761B9FD622E9BAB9004D494E /* MediaPicker */,
				761BA00B22E9BE4C004D494E /* MediaPickerExample */,
				761B9FD522E9BAB9004D494E /* Products */,
				130BE6958816C0518A7668EC /* Pods */,
				285FE50200D02790CA93A6FB /* Frameworks */,
			);
			sourceTree = "<group>";
		};
		761B9FD522E9BAB9004D494E /* Products */ = {
			isa = PBXGroup;
			children = (
				761B9FD422E9BAB9004D494E /* MediaPicker.framework */,
				761BA00A22E9BE4C004D494E /* MediaPickerExample.app */,
			);
			name = Products;
			sourceTree = "<group>";
		};
		761B9FD622E9BAB9004D494E /* MediaPicker */ = {
			isa = PBXGroup;
			children = (
				76B8E4F322EAD55700D99495 /* MediaPicker.bundle */,
				F3B2B4E5233F900700F2CCBE /* MediaPicker */,
				F3B2B4D8233F8D4C00F2CCBE /* Pager */,
				F3B5D411233A18F6001530F7 /* Views */,
				F32591442330AF1000A11090 /* AssetPreview */,
				F3EDDC21232F6CFB00BCD975 /* Protocols */,
				761E0B492313BAF20072B5BE /* PhotoEditor */,
				768A03E52306768F00C9B65F /* Audio */,
				7639065422F2DD55007CD4CE /* Core */,
				7639064F22F2DC66007CD4CE /* Library */,
				7639064E22F2DC46007CD4CE /* Camera */,
				76B8E4E322EACDF200D99495 /* Permission */,
				761B9FD722E9BAB9004D494E /* MediaPicker.h */,
				761B9FD822E9BAB9004D494E /* Info.plist */,
			);
			path = MediaPicker;
			sourceTree = "<group>";
		};
		761BA00B22E9BE4C004D494E /* MediaPickerExample */ = {
			isa = PBXGroup;
			children = (
				761BA00C22E9BE4C004D494E /* AppDelegate.swift */,
				761BA00E22E9BE4C004D494E /* ViewController.swift */,
				761BA01022E9BE4C004D494E /* Main.storyboard */,
				761BA01322E9BE4D004D494E /* Assets.xcassets */,
				761BA01522E9BE4D004D494E /* LaunchScreen.storyboard */,
				761BA01822E9BE4D004D494E /* Info.plist */,
			);
			path = MediaPickerExample;
			sourceTree = "<group>";
		};
		761E0B492313BAF20072B5BE /* PhotoEditor */ = {
			isa = PBXGroup;
			children = (
				F3B05279231E499700558428 /* Controllers */,
				761E0B502313C0420072B5BE /* Delegates */,
				761E0B4F2313C03A0072B5BE /* Extensions */,
				761E0B4D2313BB730072B5BE /* Views */,
			);
			path = PhotoEditor;
			sourceTree = "<group>";
		};
		761E0B4D2313BB730072B5BE /* Views */ = {
			isa = PBXGroup;
			children = (
				F358F615231EE2CF008BD8C0 /* BottomToolbarView.swift */,
				F3B0527C231E5E8200558428 /* TopToolbarView.swift */,
				761E0B542313C4C90072B5BE /* ColorCollectionViewCell.swift */,
			);
			path = Views;
			sourceTree = "<group>";
		};
		761E0B4F2313C03A0072B5BE /* Extensions */ = {
			isa = PBXGroup;
			children = (
				761E0B5A2313C6430072B5BE /* UIImageView+Alpha.swift */,
				761E0B5C2313C65F0072B5BE /* UIView+Image.swift */,
				761E0B5E2313C67B0072B5BE /* UIImage+Size.swift */,
			);
			path = Extensions;
			sourceTree = "<group>";
		};
		761E0B502313C0420072B5BE /* Delegates */ = {
			isa = PBXGroup;
			children = (
				761E0B522313C3730072B5BE /* ColorsCollectionViewDelegate.swift */,
				F3B5D40D233A0610001530F7 /* ColorSelectedDelegate.swift */,
				F3B5D40F233A063D001530F7 /* PhotoEditorDelegate.swift */,
			);
			path = Delegates;
			sourceTree = "<group>";
		};
		7639064E22F2DC46007CD4CE /* Camera */ = {
			isa = PBXGroup;
			children = (
				7618EE1522F489C50051C287 /* ShutterButton.swift */,
				760D17B9230A8F3100D5E192 /* CameraMan.swift */,
				760D17BF230A90B900D5E192 /* CameraView.swift */,
				760D17C1230A91DE00D5E192 /* FlashButton.swift */,
				768A03E32306767D00C9B65F /* CameraController.swift */,
				F3B2B4F2233F92E200F2CCBE /* CameraController+CartDelegate.swift */,
				F3B2B4F4233F92FE00F2CCBE /* CameraController+CameraManDelegate.swift */,
				F3B2B4F6233F938200F2CCBE /* CameraController+CameraPageAware.swift */,
				F3B2B4F8233F93B900F2CCBE /* CameraController+CameraViewDelegate.swift */,
			);
			path = Camera;
			sourceTree = "<group>";
		};
		7639064F22F2DC66007CD4CE /* Library */ = {
			isa = PBXGroup;
			children = (
				7639065022F2DC7C007CD4CE /* LibraryController.swift */,
				7639065222F2DD34007CD4CE /* LibraryAlbum.swift */,
				7639066B22F2E8FB007CD4CE /* Library.swift */,
				F3B2B4EE233F92A300F2CCBE /* LibraryController+CartDelegate.swift */,
				F3D8316923422672006D161A /* LibraryController+PageAware.swift */,
				F3D8316B23422697006D161A /* LibraryController+DropdownControllerDelegate.swift */,
				F3D8316D234226B7006D161A /* LibraryController+DataSource.swift */,
			);
			path = Library;
			sourceTree = "<group>";
		};
		7639065422F2DD55007CD4CE /* Core */ = {
			isa = PBXGroup;
			children = (
				F3188FAC23391FCE00D91B1D /* Controllers */,
				76511DFB22FC10AE00F4F32E /* Cart */,
				76B8E4EE22EAD39100D99495 /* Extensions */,
				7639066F22F2ED50007CD4CE /* Dropdown */,
				7639066222F2E601007CD4CE /* View */,
				7639065F22F2E401007CD4CE /* Audio */,
				7639065E22F2E3FC007CD4CE /* Video */,
				7639065D22F2E3F7007CD4CE /* Image */,
				7618EE1322F477F70051C287 /* EventHub.swift */,
				7617E87122F87706007B7E4E /* MediaToolbarState.swift */,
				76B8E4EC22EAD23100D99495 /* Once.swift */,
				76B8E4F522EAD5CB00D99495 /* MediaPickerBundle.swift */,
				76B8E4F922EADCAA00D99495 /* Constraints.swift */,
				7639065922F2DDD3007CD4CE /* Utils.swift */,
				7639066522F2E65B007CD4CE /* MediaPickerConfig.swift */,
				760D17BD230A907A00D5E192 /* Fetcher.swift */,
				F325136D2332157D00B11EA6 /* MediaTypeEnum.swift */,
				F38255FE233B557100CE30A6 /* FilenameComposer.swift */,
				F394A27E253440030002C5B7 /* LocationManager.swift */,
			);
			path = Core;
			sourceTree = "<group>";
		};
		7639065D22F2E3F7007CD4CE /* Image */ = {
			isa = PBXGroup;
			children = (
				7639065522F2DD5D007CD4CE /* Image.swift */,
				7639066022F2E40F007CD4CE /* ImageCell.swift */,
			);
			path = Image;
			sourceTree = "<group>";
		};
		7639065E22F2E3FC007CD4CE /* Video */ = {
			isa = PBXGroup;
			children = (
				7639065722F2DD75007CD4CE /* Video.swift */,
				7639066922F2E7FE007CD4CE /* VideoCell.swift */,
				760D17BB230A8F9800D5E192 /* ClosuredAVCaptureMoveFileOutput.swift */,
			);
			path = Video;
			sourceTree = "<group>";
		};
		7639065F22F2E401007CD4CE /* Audio */ = {
			isa = PBXGroup;
			children = (
				7639065B22F2E30A007CD4CE /* Audio.swift */,
			);
			path = Audio;
			sourceTree = "<group>";
		};
		7639066222F2E601007CD4CE /* View */ = {
			isa = PBXGroup;
			children = (
				7639066322F2E60E007CD4CE /* FrameView.swift */,
				7639067222F2ED91007CD4CE /* AlbumCell.swift */,
				7639067422F2EE10007CD4CE /* EmptyView.swift */,
				7639067622F2EE2D007CD4CE /* ArrowButton.swift */,
				7639067822F2EE3B007CD4CE /* GridView.swift */,
				7618EE1122F475AC0051C287 /* GalleryFloatingButton.swift */,
				F3DAEEF127B3D6FC00C3E18D /* StackView.swift */,
			);
			path = View;
			sourceTree = "<group>";
		};
		7639066F22F2ED50007CD4CE /* Dropdown */ = {
			isa = PBXGroup;
			children = (
				7639067022F2ED5E007CD4CE /* DropdownController.swift */,
			);
			path = Dropdown;
			sourceTree = "<group>";
		};
		76511DFB22FC10AE00F4F32E /* Cart */ = {
			isa = PBXGroup;
			children = (
				76511DFC22FC10C100F4F32E /* CartDelegate.swift */,
				76511DFE22FC10F300F4F32E /* Cart.swift */,
				76511E0022FC113400F4F32E /* CartItemProtocol.swift */,
				76C0CFF52302987800E25900 /* CartItemType.swift */,
				76C0CFF72302989800E25900 /* CartMainDelegate.swift */,
			);
			path = Cart;
			sourceTree = "<group>";
		};
		768A03E52306768F00C9B65F /* Audio */ = {
			isa = PBXGroup;
			children = (
				768A03E6230676A100C9B65F /* AudioController.swift */,
				768A03E823067C4D00C9B65F /* AudioView.swift */,
				768A03EA2306C5A400C9B65F /* AudioPreviewController.swift */,
				F3B2B4F0233F92BF00F2CCBE /* AudioController+CartDelegate.swift */,
				F3D8316723422637006D161A /* AudioController+PageAware.swift */,
			);
			path = Audio;
			sourceTree = "<group>";
		};
		76AFCBE822F81DF900E1B7CB /* BottomView */ = {
			isa = PBXGroup;
			children = (
				7618EE0F22F4579C0051C287 /* BottomView.swift */,
				76AFCBE922F81E1400E1B7CB /* CartCollectionView.swift */,
				76AFCBEB22F81E6300E1B7CB /* HorizontalScrollView.swift */,
				76AFCBED22F8201100E1B7CB /* CartCollectionItemView.swift */,
				76AFCBEF22F8317600E1B7CB /* FilenameInputView.swift */,
			);
			path = BottomView;
			sourceTree = "<group>";
		};
		76B8E4E322EACDF200D99495 /* Permission */ = {
			isa = PBXGroup;
			children = (
				76B8E4E422EACE0000D99495 /* PermissionController.swift */,
				76B8E4E722EACE0E00D99495 /* PermissionView.swift */,
				76B8E4E922EACE2900D99495 /* PermissionSentry.swift */,
				7639064C22F2D6D0007CD4CE /* PermissionControllerDelegate.swift */,
			);
			path = Permission;
			sourceTree = "<group>";
		};
		76B8E4EE22EAD39100D99495 /* Extensions */ = {
			isa = PBXGroup;
			children = (
				76B8E4EF22EAD3A200D99495 /* String+Extensions.swift */,
				76B8E4F722EADA5F00D99495 /* UIViewController+Extensions.swift */,
				7639066722F2E7CD007CD4CE /* UIImageView+Extensions.swift */,
				7639066D22F2EB84007CD4CE /* Array+Extensions.swift */,
				7639067A22F2EF9B007CD4CE /* UIScrollView+Extensions.swift */,
				76E7C0F22301317E003A07B2 /* UIView+Extensions.swift */,
			);
			path = Extensions;
			sourceTree = "<group>";
		};
		F3188FAC23391FCE00D91B1D /* Controllers */ = {
			isa = PBXGroup;
			children = (
				F3188FAD23391FFA00D91B1D /* CircularButtonConformance.swift */,
				F38255FC233A71E800CE30A6 /* MediaModalBaseController.swift */,
			);
			path = Controllers;
			sourceTree = "<group>";
		};
		F32591442330AF1000A11090 /* AssetPreview */ = {
			isa = PBXGroup;
			children = (
				F32591452330B10F00A11090 /* VideoAssetPreviewController.swift */,
			);
			path = AssetPreview;
			sourceTree = "<group>";
		};
		F3B05279231E499700558428 /* Controllers */ = {
			isa = PBXGroup;
			children = (
				F3B05277231E498D00558428 /* PhotoEditorController.swift */,
				F376104A231FA48100BC47D1 /* PhotoEditorController+Drawing.swift */,
				F376104C231FB3DA00BC47D1 /* PhotoEditorController+Gestures.swift */,
				F3884B5A2320EB72003E987C /* PhotoEditorController+UITextView.swift */,
			);
			path = Controllers;
			sourceTree = "<group>";
		};
		F3B2B4D8233F8D4C00F2CCBE /* Pager */ = {
			isa = PBXGroup;
			children = (
				7639064A22F2CA8C007CD4CE /* PageIndicator.swift */,
				F3B2B4DF233F8DC200F2CCBE /* PageIndicatorDelegate.swift */,
				F3B2B4D9233F8D5F00F2CCBE /* PagesController.swift */,
				F3B2B4DB233F8D6E00F2CCBE /* PagesController+CartButtonDelegate.swift */,
				F3B2B4DD233F8D8B00F2CCBE /* PagesController+BottomViewDelegate.swift */,
				F3B2B4E1233F8DDC00F2CCBE /* PagesController+UIScrollViewDelegate.swift */,
				F3B2B4E3233F8DF200F2CCBE /* PagesController+PageIndicatorDelegate.swift */,
			);
			path = Pager;
			sourceTree = "<group>";
		};
		F3B2B4E5233F900700F2CCBE /* MediaPicker */ = {
			isa = PBXGroup;
			children = (
				F3B2B4EA233F90E300F2CCBE /* MediaPickerControllerDelegate.swift */,
				761B9FFD22E9BBE4004D494E /* MediaPickerController.swift */,
				F3B2B4E6233F902400F2CCBE /* MediaPickerController+PhotoEditorDelegate.swift */,
				F3B2B4E8233F90B500F2CCBE /* MediaPickerController+CartMainDelegate.swift */,
				F3B2B4EC233F910500F2CCBE /* MediaPickerController+PermissionDelegate.swift */,
			);
			path = MediaPicker;
			sourceTree = "<group>";
		};
		F3B5D411233A18F6001530F7 /* Views */ = {
			isa = PBXGroup;
			children = (
				76AFCBE822F81DF900E1B7CB /* BottomView */,
				F3B0527E231E67CA00558428 /* CircularBorderButton.swift */,
			);
			path = Views;
			sourceTree = "<group>";
		};
		F3EDDC21232F6CFB00BCD975 /* Protocols */ = {
			isa = PBXGroup;
			children = (
				F3EDDC22232F6D0800BCD975 /* PageAware.swift */,
				F3EDDC24232F710700BCD975 /* BottomViewDelegate.swift */,
				F3B5D409233A055B001530F7 /* CameraPageAware.swift */,
				F3B5D40B233A0574001530F7 /* BottomViewCartItemsDelegate.swift */,
			);
			path = Protocols;
			sourceTree = "<group>";
		};
/* End PBXGroup section */

/* Begin PBXHeadersBuildPhase section */
		761B9FCF22E9BAB9004D494E /* Headers */ = {
			isa = PBXHeadersBuildPhase;
			buildActionMask = 2147483647;
			files = (
				761B9FD922E9BAB9004D494E /* MediaPicker.h in Headers */,
			);
			runOnlyForDeploymentPostprocessing = 0;
		};
/* End PBXHeadersBuildPhase section */

/* Begin PBXNativeTarget section */
		761B9FD322E9BAB9004D494E /* MediaPicker */ = {
			isa = PBXNativeTarget;
			buildConfigurationList = 761B9FDC22E9BAB9004D494E /* Build configuration list for PBXNativeTarget "MediaPicker" */;
			buildPhases = (
				9F8720C49299415BFA6D25D9 /* [CP] Check Pods Manifest.lock */,
				761B9FCF22E9BAB9004D494E /* Headers */,
				761B9FD022E9BAB9004D494E /* Sources */,
				761B9FD122E9BAB9004D494E /* Frameworks */,
				761B9FD222E9BAB9004D494E /* Resources */,
			);
			buildRules = (
			);
			dependencies = (
			);
			name = MediaPicker;
			productName = MediaPicker;
			productReference = 761B9FD422E9BAB9004D494E /* MediaPicker.framework */;
			productType = "com.apple.product-type.framework";
		};
		761BA00922E9BE4C004D494E /* MediaPickerExample */ = {
			isa = PBXNativeTarget;
			buildConfigurationList = 761BA01922E9BE4D004D494E /* Build configuration list for PBXNativeTarget "MediaPickerExample" */;
			buildPhases = (
				80DE3C16A8482A04FFA34859 /* [CP] Check Pods Manifest.lock */,
				761BA00622E9BE4C004D494E /* Sources */,
				761BA00722E9BE4C004D494E /* Frameworks */,
				761BA00822E9BE4C004D494E /* Resources */,
				761BA02022E9BFFF004D494E /* Embed Frameworks */,
			);
			buildRules = (
			);
			dependencies = (
				761BA01F22E9BFFE004D494E /* PBXTargetDependency */,
			);
			name = MediaPickerExample;
			productName = MediaPickerExample;
			productReference = 761BA00A22E9BE4C004D494E /* MediaPickerExample.app */;
			productType = "com.apple.product-type.application";
		};
/* End PBXNativeTarget section */

/* Begin PBXProject section */
		761B9FCB22E9BAB8004D494E /* Project object */ = {
			isa = PBXProject;
			attributes = {
				LastSwiftUpdateCheck = 1030;
				LastUpgradeCheck = 1200;
				ORGANIZATIONNAME = "Tomasz Kaminski";
				TargetAttributes = {
					761B9FD322E9BAB9004D494E = {
						CreatedOnToolsVersion = 10.3;
						LastSwiftMigration = 1030;
					};
					761BA00922E9BE4C004D494E = {
						CreatedOnToolsVersion = 10.3;
					};
				};
			};
			buildConfigurationList = 761B9FCE22E9BAB8004D494E /* Build configuration list for PBXProject "MediaPicker" */;
			compatibilityVersion = "Xcode 9.3";
			developmentRegion = en;
			hasScannedForEncodings = 0;
			knownRegions = (
				en,
				Base,
			);
			mainGroup = 761B9FCA22E9BAB8004D494E;
			productRefGroup = 761B9FD522E9BAB9004D494E /* Products */;
			projectDirPath = "";
			projectRoot = "";
			targets = (
				761B9FD322E9BAB9004D494E /* MediaPicker */,
				761BA00922E9BE4C004D494E /* MediaPickerExample */,
			);
		};
/* End PBXProject section */

/* Begin PBXResourcesBuildPhase section */
		761B9FD222E9BAB9004D494E /* Resources */ = {
			isa = PBXResourcesBuildPhase;
			buildActionMask = 2147483647;
			files = (
				76B8E4F422EAD55700D99495 /* MediaPicker.bundle in Resources */,
			);
			runOnlyForDeploymentPostprocessing = 0;
		};
		761BA00822E9BE4C004D494E /* Resources */ = {
			isa = PBXResourcesBuildPhase;
			buildActionMask = 2147483647;
			files = (
				761BA01722E9BE4D004D494E /* LaunchScreen.storyboard in Resources */,
				761BA01422E9BE4D004D494E /* Assets.xcassets in Resources */,
				761BA01222E9BE4C004D494E /* Main.storyboard in Resources */,
			);
			runOnlyForDeploymentPostprocessing = 0;
		};
/* End PBXResourcesBuildPhase section */

/* Begin PBXShellScriptBuildPhase section */
		80DE3C16A8482A04FFA34859 /* [CP] Check Pods Manifest.lock */ = {
			isa = PBXShellScriptBuildPhase;
			buildActionMask = 2147483647;
			files = (
			);
			inputFileListPaths = (
			);
			inputPaths = (
				"${PODS_PODFILE_DIR_PATH}/Podfile.lock",
				"${PODS_ROOT}/Manifest.lock",
			);
			name = "[CP] Check Pods Manifest.lock";
			outputFileListPaths = (
			);
			outputPaths = (
				"$(DERIVED_FILE_DIR)/Pods-MediaPickerExample-checkManifestLockResult.txt",
			);
			runOnlyForDeploymentPostprocessing = 0;
			shellPath = /bin/sh;
			shellScript = "diff \"${PODS_PODFILE_DIR_PATH}/Podfile.lock\" \"${PODS_ROOT}/Manifest.lock\" > /dev/null\nif [ $? != 0 ] ; then\n    # print error to STDERR\n    echo \"error: The sandbox is not in sync with the Podfile.lock. Run 'pod install' or update your CocoaPods installation.\" >&2\n    exit 1\nfi\n# This output is used by Xcode 'outputs' to avoid re-running this script phase.\necho \"SUCCESS\" > \"${SCRIPT_OUTPUT_FILE_0}\"\n";
			showEnvVarsInLog = 0;
		};
		9F8720C49299415BFA6D25D9 /* [CP] Check Pods Manifest.lock */ = {
			isa = PBXShellScriptBuildPhase;
			buildActionMask = 2147483647;
			files = (
			);
			inputFileListPaths = (
			);
			inputPaths = (
				"${PODS_PODFILE_DIR_PATH}/Podfile.lock",
				"${PODS_ROOT}/Manifest.lock",
			);
			name = "[CP] Check Pods Manifest.lock";
			outputFileListPaths = (
			);
			outputPaths = (
				"$(DERIVED_FILE_DIR)/Pods-MediaPicker-checkManifestLockResult.txt",
			);
			runOnlyForDeploymentPostprocessing = 0;
			shellPath = /bin/sh;
			shellScript = "diff \"${PODS_PODFILE_DIR_PATH}/Podfile.lock\" \"${PODS_ROOT}/Manifest.lock\" > /dev/null\nif [ $? != 0 ] ; then\n    # print error to STDERR\n    echo \"error: The sandbox is not in sync with the Podfile.lock. Run 'pod install' or update your CocoaPods installation.\" >&2\n    exit 1\nfi\n# This output is used by Xcode 'outputs' to avoid re-running this script phase.\necho \"SUCCESS\" > \"${SCRIPT_OUTPUT_FILE_0}\"\n";
			showEnvVarsInLog = 0;
		};
/* End PBXShellScriptBuildPhase section */

/* Begin PBXSourcesBuildPhase section */
		761B9FD022E9BAB9004D494E /* Sources */ = {
			isa = PBXSourcesBuildPhase;
			buildActionMask = 2147483647;
			files = (
				7639065C22F2E30A007CD4CE /* Audio.swift in Sources */,
				F3188FAE23391FFA00D91B1D /* CircularButtonConformance.swift in Sources */,
				761B9FFE22E9BBE4004D494E /* MediaPickerController.swift in Sources */,
				7639066822F2E7CD007CD4CE /* UIImageView+Extensions.swift in Sources */,
				7639065322F2DD34007CD4CE /* LibraryAlbum.swift in Sources */,
				F3B5D40C233A0574001530F7 /* BottomViewCartItemsDelegate.swift in Sources */,
				F3B2B4E2233F8DDC00F2CCBE /* PagesController+UIScrollViewDelegate.swift in Sources */,
				7639066122F2E40F007CD4CE /* ImageCell.swift in Sources */,
				F3D8316823422637006D161A /* AudioController+PageAware.swift in Sources */,
				F3D8316A23422672006D161A /* LibraryController+PageAware.swift in Sources */,
				7639066C22F2E8FB007CD4CE /* Library.swift in Sources */,
				7639066E22F2EB84007CD4CE /* Array+Extensions.swift in Sources */,
				F32591472330B10F00A11090 /* VideoAssetPreviewController.swift in Sources */,
				F3B2B4F1233F92BF00F2CCBE /* AudioController+CartDelegate.swift in Sources */,
				F3B2B4DE233F8D8B00F2CCBE /* PagesController+BottomViewDelegate.swift in Sources */,
				7639067B22F2EF9B007CD4CE /* UIScrollView+Extensions.swift in Sources */,
				F3B2B4DC233F8D6E00F2CCBE /* PagesController+CartButtonDelegate.swift in Sources */,
				F3884B5B2320EB72003E987C /* PhotoEditorController+UITextView.swift in Sources */,
				7639064B22F2CA8C007CD4CE /* PageIndicator.swift in Sources */,
				7639067322F2ED91007CD4CE /* AlbumCell.swift in Sources */,
				76E7C0F32301317E003A07B2 /* UIView+Extensions.swift in Sources */,
				F3B2B4F3233F92E200F2CCBE /* CameraController+CartDelegate.swift in Sources */,
				F3B05278231E498D00558428 /* PhotoEditorController.swift in Sources */,
				F3B2B4F7233F938200F2CCBE /* CameraController+CameraPageAware.swift in Sources */,
				7639065122F2DC7C007CD4CE /* LibraryController.swift in Sources */,
				F3DAEEF227B3D6FC00C3E18D /* StackView.swift in Sources */,
				7618EE1422F477F70051C287 /* EventHub.swift in Sources */,
				76511DFD22FC10C100F4F32E /* CartDelegate.swift in Sources */,
				F3B2B4E4233F8DF200F2CCBE /* PagesController+PageIndicatorDelegate.swift in Sources */,
				760D17C2230A91DE00D5E192 /* FlashButton.swift in Sources */,
				760D17C0230A90B900D5E192 /* CameraView.swift in Sources */,
				7639067722F2EE2D007CD4CE /* ArrowButton.swift in Sources */,
				768A03E42306767D00C9B65F /* CameraController.swift in Sources */,
				7639065622F2DD5D007CD4CE /* Image.swift in Sources */,
				F38255FD233A71E800CE30A6 /* MediaModalBaseController.swift in Sources */,
				F3B0527F231E67CA00558428 /* CircularBorderButton.swift in Sources */,
				76B8E4F022EAD3A200D99495 /* String+Extensions.swift in Sources */,
				7639067522F2EE10007CD4CE /* EmptyView.swift in Sources */,
				761E0B5D2313C65F0072B5BE /* UIView+Image.swift in Sources */,
				7639066422F2E60E007CD4CE /* FrameView.swift in Sources */,
				F3B2B4E7233F902400F2CCBE /* MediaPickerController+PhotoEditorDelegate.swift in Sources */,
				76AFCBEE22F8201100E1B7CB /* CartCollectionItemView.swift in Sources */,
				760D17BC230A8F9800D5E192 /* ClosuredAVCaptureMoveFileOutput.swift in Sources */,
				760D17BE230A907A00D5E192 /* Fetcher.swift in Sources */,
				F3B2B4F9233F93B900F2CCBE /* CameraController+CameraViewDelegate.swift in Sources */,
				76B8E4FA22EADCAA00D99495 /* Constraints.swift in Sources */,
				76AFCBEC22F81E6300E1B7CB /* HorizontalScrollView.swift in Sources */,
				F3B2B4F5233F92FE00F2CCBE /* CameraController+CameraManDelegate.swift in Sources */,
				76B8E4F622EAD5CB00D99495 /* MediaPickerBundle.swift in Sources */,
				F3B0527D231E5E8200558428 /* TopToolbarView.swift in Sources */,
				76C0CFF62302987800E25900 /* CartItemType.swift in Sources */,
				761E0B552313C4C90072B5BE /* ColorCollectionViewCell.swift in Sources */,
				76C0CFF82302989800E25900 /* CartMainDelegate.swift in Sources */,
				F3B5D40A233A055B001530F7 /* CameraPageAware.swift in Sources */,
				768A03EB2306C5A400C9B65F /* AudioPreviewController.swift in Sources */,
				7639064D22F2D6D0007CD4CE /* PermissionControllerDelegate.swift in Sources */,
				7639066A22F2E7FE007CD4CE /* VideoCell.swift in Sources */,
				761E0B5F2313C67B0072B5BE /* UIImage+Size.swift in Sources */,
				F3B5D40E233A0610001530F7 /* ColorSelectedDelegate.swift in Sources */,
				7639065A22F2DDD3007CD4CE /* Utils.swift in Sources */,
				F358F616231EE2CF008BD8C0 /* BottomToolbarView.swift in Sources */,
				F325136E2332157D00B11EA6 /* MediaTypeEnum.swift in Sources */,
				76B8E4F822EADA5F00D99495 /* UIViewController+Extensions.swift in Sources */,
				7618EE1222F475AC0051C287 /* GalleryFloatingButton.swift in Sources */,
				76B8E4ED22EAD23100D99495 /* Once.swift in Sources */,
				7618EE1622F489C50051C287 /* ShutterButton.swift in Sources */,
				76B8E4EA22EACE2900D99495 /* PermissionSentry.swift in Sources */,
				F3B5D410233A063D001530F7 /* PhotoEditorDelegate.swift in Sources */,
				76511DFF22FC10F300F4F32E /* Cart.swift in Sources */,
				761E0B5B2313C6430072B5BE /* UIImageView+Alpha.swift in Sources */,
				F3EDDC23232F6D0800BCD975 /* PageAware.swift in Sources */,
				76511E0122FC113400F4F32E /* CartItemProtocol.swift in Sources */,
				7639066622F2E65B007CD4CE /* MediaPickerConfig.swift in Sources */,
				F3B2B4ED233F910500F2CCBE /* MediaPickerController+PermissionDelegate.swift in Sources */,
				76AFCBEA22F81E1400E1B7CB /* CartCollectionView.swift in Sources */,
				768A03E7230676A100C9B65F /* AudioController.swift in Sources */,
				F3B2B4E0233F8DC200F2CCBE /* PageIndicatorDelegate.swift in Sources */,
				7639067122F2ED5E007CD4CE /* DropdownController.swift in Sources */,
				F3D8316C23422697006D161A /* LibraryController+DropdownControllerDelegate.swift in Sources */,
				7618EE1022F4579C0051C287 /* BottomView.swift in Sources */,
				F394A27F253440030002C5B7 /* LocationManager.swift in Sources */,
				76AFCBF022F8317600E1B7CB /* FilenameInputView.swift in Sources */,
				7639065822F2DD75007CD4CE /* Video.swift in Sources */,
				76B8E4E522EACE0000D99495 /* PermissionController.swift in Sources */,
				F3B2B4EB233F90E300F2CCBE /* MediaPickerControllerDelegate.swift in Sources */,
				7639067922F2EE3B007CD4CE /* GridView.swift in Sources */,
				F376104D231FB3DA00BC47D1 /* PhotoEditorController+Gestures.swift in Sources */,
				F376104B231FA48100BC47D1 /* PhotoEditorController+Drawing.swift in Sources */,
				7617E87222F87706007B7E4E /* MediaToolbarState.swift in Sources */,
				F38255FF233B557100CE30A6 /* FilenameComposer.swift in Sources */,
				F3B2B4E9233F90B500F2CCBE /* MediaPickerController+CartMainDelegate.swift in Sources */,
				760D17BA230A8F3100D5E192 /* CameraMan.swift in Sources */,
				F3D8316E234226B7006D161A /* LibraryController+DataSource.swift in Sources */,
				F3EDDC25232F710700BCD975 /* BottomViewDelegate.swift in Sources */,
				768A03E923067C4D00C9B65F /* AudioView.swift in Sources */,
				76B8E4E822EACE0E00D99495 /* PermissionView.swift in Sources */,
				761E0B532313C3730072B5BE /* ColorsCollectionViewDelegate.swift in Sources */,
				F3B2B4EF233F92A300F2CCBE /* LibraryController+CartDelegate.swift in Sources */,
				F3B2B4DA233F8D5F00F2CCBE /* PagesController.swift in Sources */,
			);
			runOnlyForDeploymentPostprocessing = 0;
		};
		761BA00622E9BE4C004D494E /* Sources */ = {
			isa = PBXSourcesBuildPhase;
			buildActionMask = 2147483647;
			files = (
				761BA00F22E9BE4C004D494E /* ViewController.swift in Sources */,
				761BA00D22E9BE4C004D494E /* AppDelegate.swift in Sources */,
			);
			runOnlyForDeploymentPostprocessing = 0;
		};
/* End PBXSourcesBuildPhase section */

/* Begin PBXTargetDependency section */
		761BA01F22E9BFFE004D494E /* PBXTargetDependency */ = {
			isa = PBXTargetDependency;
			target = 761B9FD322E9BAB9004D494E /* MediaPicker */;
			targetProxy = 761BA01E22E9BFFE004D494E /* PBXContainerItemProxy */;
		};
/* End PBXTargetDependency section */

/* Begin PBXVariantGroup section */
		761BA01022E9BE4C004D494E /* Main.storyboard */ = {
			isa = PBXVariantGroup;
			children = (
				761BA01122E9BE4C004D494E /* Base */,
			);
			name = Main.storyboard;
			sourceTree = "<group>";
		};
		761BA01522E9BE4D004D494E /* LaunchScreen.storyboard */ = {
			isa = PBXVariantGroup;
			children = (
				761BA01622E9BE4D004D494E /* Base */,
			);
			name = LaunchScreen.storyboard;
			sourceTree = "<group>";
		};
/* End PBXVariantGroup section */

/* Begin XCBuildConfiguration section */
		761B9FDA22E9BAB9004D494E /* Debug */ = {
			isa = XCBuildConfiguration;
			buildSettings = {
				ALWAYS_SEARCH_USER_PATHS = NO;
				CLANG_ANALYZER_NONNULL = YES;
				CLANG_ANALYZER_NUMBER_OBJECT_CONVERSION = YES_AGGRESSIVE;
				CLANG_CXX_LANGUAGE_STANDARD = "gnu++14";
				CLANG_CXX_LIBRARY = "libc++";
				CLANG_ENABLE_MODULES = YES;
				CLANG_ENABLE_OBJC_ARC = YES;
				CLANG_ENABLE_OBJC_WEAK = YES;
				CLANG_WARN_BLOCK_CAPTURE_AUTORELEASING = YES;
				CLANG_WARN_BOOL_CONVERSION = YES;
				CLANG_WARN_COMMA = YES;
				CLANG_WARN_CONSTANT_CONVERSION = YES;
				CLANG_WARN_DEPRECATED_OBJC_IMPLEMENTATIONS = YES;
				CLANG_WARN_DIRECT_OBJC_ISA_USAGE = YES_ERROR;
				CLANG_WARN_DOCUMENTATION_COMMENTS = YES;
				CLANG_WARN_EMPTY_BODY = YES;
				CLANG_WARN_ENUM_CONVERSION = YES;
				CLANG_WARN_INFINITE_RECURSION = YES;
				CLANG_WARN_INT_CONVERSION = YES;
				CLANG_WARN_NON_LITERAL_NULL_CONVERSION = YES;
				CLANG_WARN_OBJC_IMPLICIT_RETAIN_SELF = YES;
				CLANG_WARN_OBJC_LITERAL_CONVERSION = YES;
				CLANG_WARN_OBJC_ROOT_CLASS = YES_ERROR;
				CLANG_WARN_QUOTED_INCLUDE_IN_FRAMEWORK_HEADER = YES;
				CLANG_WARN_RANGE_LOOP_ANALYSIS = YES;
				CLANG_WARN_STRICT_PROTOTYPES = YES;
				CLANG_WARN_SUSPICIOUS_MOVE = YES;
				CLANG_WARN_UNGUARDED_AVAILABILITY = YES_AGGRESSIVE;
				CLANG_WARN_UNREACHABLE_CODE = YES;
				CLANG_WARN__DUPLICATE_METHOD_MATCH = YES;
				CODE_SIGN_IDENTITY = "iPhone Developer";
				COPY_PHASE_STRIP = NO;
				CURRENT_PROJECT_VERSION = 1;
				DEBUG_INFORMATION_FORMAT = dwarf;
				ENABLE_STRICT_OBJC_MSGSEND = YES;
				ENABLE_TESTABILITY = YES;
				GCC_C_LANGUAGE_STANDARD = gnu11;
				GCC_DYNAMIC_NO_PIC = NO;
				GCC_NO_COMMON_BLOCKS = YES;
				GCC_OPTIMIZATION_LEVEL = 0;
				GCC_PREPROCESSOR_DEFINITIONS = (
					"DEBUG=1",
					"$(inherited)",
				);
				GCC_WARN_64_TO_32_BIT_CONVERSION = YES;
				GCC_WARN_ABOUT_RETURN_TYPE = YES_ERROR;
				GCC_WARN_UNDECLARED_SELECTOR = YES;
				GCC_WARN_UNINITIALIZED_AUTOS = YES_AGGRESSIVE;
				GCC_WARN_UNUSED_FUNCTION = YES;
				GCC_WARN_UNUSED_VARIABLE = YES;
				IPHONEOS_DEPLOYMENT_TARGET = 12.0;
				MTL_ENABLE_DEBUG_INFO = INCLUDE_SOURCE;
				MTL_FAST_MATH = YES;
				ONLY_ACTIVE_ARCH = YES;
				SDKROOT = iphoneos;
				SWIFT_ACTIVE_COMPILATION_CONDITIONS = DEBUG;
				SWIFT_OPTIMIZATION_LEVEL = "-Onone";
				VERSIONING_SYSTEM = "apple-generic";
				VERSION_INFO_PREFIX = "";
			};
			name = Debug;
		};
		761B9FDB22E9BAB9004D494E /* Release */ = {
			isa = XCBuildConfiguration;
			buildSettings = {
				ALWAYS_SEARCH_USER_PATHS = NO;
				CLANG_ANALYZER_NONNULL = YES;
				CLANG_ANALYZER_NUMBER_OBJECT_CONVERSION = YES_AGGRESSIVE;
				CLANG_CXX_LANGUAGE_STANDARD = "gnu++14";
				CLANG_CXX_LIBRARY = "libc++";
				CLANG_ENABLE_MODULES = YES;
				CLANG_ENABLE_OBJC_ARC = YES;
				CLANG_ENABLE_OBJC_WEAK = YES;
				CLANG_WARN_BLOCK_CAPTURE_AUTORELEASING = YES;
				CLANG_WARN_BOOL_CONVERSION = YES;
				CLANG_WARN_COMMA = YES;
				CLANG_WARN_CONSTANT_CONVERSION = YES;
				CLANG_WARN_DEPRECATED_OBJC_IMPLEMENTATIONS = YES;
				CLANG_WARN_DIRECT_OBJC_ISA_USAGE = YES_ERROR;
				CLANG_WARN_DOCUMENTATION_COMMENTS = YES;
				CLANG_WARN_EMPTY_BODY = YES;
				CLANG_WARN_ENUM_CONVERSION = YES;
				CLANG_WARN_INFINITE_RECURSION = YES;
				CLANG_WARN_INT_CONVERSION = YES;
				CLANG_WARN_NON_LITERAL_NULL_CONVERSION = YES;
				CLANG_WARN_OBJC_IMPLICIT_RETAIN_SELF = YES;
				CLANG_WARN_OBJC_LITERAL_CONVERSION = YES;
				CLANG_WARN_OBJC_ROOT_CLASS = YES_ERROR;
				CLANG_WARN_QUOTED_INCLUDE_IN_FRAMEWORK_HEADER = YES;
				CLANG_WARN_RANGE_LOOP_ANALYSIS = YES;
				CLANG_WARN_STRICT_PROTOTYPES = YES;
				CLANG_WARN_SUSPICIOUS_MOVE = YES;
				CLANG_WARN_UNGUARDED_AVAILABILITY = YES_AGGRESSIVE;
				CLANG_WARN_UNREACHABLE_CODE = YES;
				CLANG_WARN__DUPLICATE_METHOD_MATCH = YES;
				CODE_SIGN_IDENTITY = "iPhone Developer";
				COPY_PHASE_STRIP = NO;
				CURRENT_PROJECT_VERSION = 1;
				DEBUG_INFORMATION_FORMAT = "dwarf-with-dsym";
				ENABLE_NS_ASSERTIONS = NO;
				ENABLE_STRICT_OBJC_MSGSEND = YES;
				GCC_C_LANGUAGE_STANDARD = gnu11;
				GCC_NO_COMMON_BLOCKS = YES;
				GCC_WARN_64_TO_32_BIT_CONVERSION = YES;
				GCC_WARN_ABOUT_RETURN_TYPE = YES_ERROR;
				GCC_WARN_UNDECLARED_SELECTOR = YES;
				GCC_WARN_UNINITIALIZED_AUTOS = YES_AGGRESSIVE;
				GCC_WARN_UNUSED_FUNCTION = YES;
				GCC_WARN_UNUSED_VARIABLE = YES;
				IPHONEOS_DEPLOYMENT_TARGET = 12.0;
				MTL_ENABLE_DEBUG_INFO = NO;
				MTL_FAST_MATH = YES;
				SDKROOT = iphoneos;
				SWIFT_COMPILATION_MODE = wholemodule;
				SWIFT_OPTIMIZATION_LEVEL = "-O";
				VALIDATE_PRODUCT = YES;
				VERSIONING_SYSTEM = "apple-generic";
				VERSION_INFO_PREFIX = "";
			};
			name = Release;
		};
		761B9FDD22E9BAB9004D494E /* Debug */ = {
			isa = XCBuildConfiguration;
			baseConfigurationReference = FA94D9087C7678EE5522FFBC /* Pods-MediaPicker.debug.xcconfig */;
			buildSettings = {
				APPLICATION_EXTENSION_API_ONLY = NO;
				CLANG_ENABLE_MODULES = YES;
				CODE_SIGN_IDENTITY = "";
				"CODE_SIGN_IDENTITY[sdk=macosx*]" = "Apple Development";
				CODE_SIGN_STYLE = Automatic;
				DEFINES_MODULE = YES;
				DEVELOPMENT_TEAM = 4DH5P67LPK;
				DYLIB_COMPATIBILITY_VERSION = 1;
				DYLIB_CURRENT_VERSION = 1;
				DYLIB_INSTALL_NAME_BASE = "@rpath";
				INFOPLIST_FILE = MediaPicker/Info.plist;
				INSTALL_PATH = "$(LOCAL_LIBRARY_DIR)/Frameworks";
				IPHONEOS_DEPLOYMENT_TARGET = 12.0;
				LD_RUNPATH_SEARCH_PATHS = (
					"$(inherited)",
					"@executable_path/Frameworks",
					"@loader_path/Frameworks",
				);
				MARKETING_VERSION = 1.16.0;
				PRODUCT_BUNDLE_IDENTIFIER = com.tomkaminski.MediaPicker;
				PRODUCT_NAME = "$(TARGET_NAME:c99extidentifier)";
				SKIP_INSTALL = YES;
				SUPPORTS_MACCATALYST = NO;
				SWIFT_OPTIMIZATION_LEVEL = "-Onone";
				SWIFT_VERSION = 5.0;
				TARGETED_DEVICE_FAMILY = "1,2";
			};
			name = Debug;
		};
		761B9FDE22E9BAB9004D494E /* Release */ = {
			isa = XCBuildConfiguration;
			baseConfigurationReference = FE4D8B78D91B51251B188524 /* Pods-MediaPicker.release.xcconfig */;
			buildSettings = {
				APPLICATION_EXTENSION_API_ONLY = NO;
				CLANG_ENABLE_MODULES = YES;
				CODE_SIGN_IDENTITY = "";
				"CODE_SIGN_IDENTITY[sdk=macosx*]" = "Apple Development";
				CODE_SIGN_STYLE = Automatic;
				DEFINES_MODULE = YES;
				DEVELOPMENT_TEAM = 4DH5P67LPK;
				DYLIB_COMPATIBILITY_VERSION = 1;
				DYLIB_CURRENT_VERSION = 1;
				DYLIB_INSTALL_NAME_BASE = "@rpath";
				INFOPLIST_FILE = MediaPicker/Info.plist;
				INSTALL_PATH = "$(LOCAL_LIBRARY_DIR)/Frameworks";
				IPHONEOS_DEPLOYMENT_TARGET = 12.0;
				LD_RUNPATH_SEARCH_PATHS = (
					"$(inherited)",
					"@executable_path/Frameworks",
					"@loader_path/Frameworks",
				);
				MARKETING_VERSION = 1.16.0;
				PRODUCT_BUNDLE_IDENTIFIER = com.tomkaminski.MediaPicker;
				PRODUCT_NAME = "$(TARGET_NAME:c99extidentifier)";
				SKIP_INSTALL = YES;
				SUPPORTS_MACCATALYST = NO;
				SWIFT_VERSION = 5.0;
				TARGETED_DEVICE_FAMILY = "1,2";
			};
			name = Release;
		};
		761BA01A22E9BE4D004D494E /* Debug */ = {
			isa = XCBuildConfiguration;
			baseConfigurationReference = EA1D1DAF60F604BFAFB7146E /* Pods-MediaPickerExample.debug.xcconfig */;
			buildSettings = {
				ALWAYS_EMBED_SWIFT_STANDARD_LIBRARIES = YES;
				ASSETCATALOG_COMPILER_APPICON_NAME = AppIcon;
				CODE_SIGN_STYLE = Automatic;
				DEVELOPMENT_TEAM = 43FXKNDLP4;
				INFOPLIST_FILE = MediaPickerExample/Info.plist;
				IPHONEOS_DEPLOYMENT_TARGET = 12.0;
				LD_RUNPATH_SEARCH_PATHS = (
					"$(inherited)",
					"@executable_path/Frameworks",
				);
				MARKETING_VERSION = 1.16.0;
				PRODUCT_BUNDLE_IDENTIFIER = com.tomkaminski.MediaPickerExample;
				PRODUCT_NAME = "$(TARGET_NAME)";
				SWIFT_VERSION = 5.0;
				TARGETED_DEVICE_FAMILY = "1,2";
			};
			name = Debug;
		};
		761BA01B22E9BE4D004D494E /* Release */ = {
			isa = XCBuildConfiguration;
			baseConfigurationReference = C93BBDA1741750E360652C5D /* Pods-MediaPickerExample.release.xcconfig */;
			buildSettings = {
				ALWAYS_EMBED_SWIFT_STANDARD_LIBRARIES = YES;
				ASSETCATALOG_COMPILER_APPICON_NAME = AppIcon;
				CODE_SIGN_STYLE = Automatic;
				DEVELOPMENT_TEAM = 43FXKNDLP4;
				INFOPLIST_FILE = MediaPickerExample/Info.plist;
				IPHONEOS_DEPLOYMENT_TARGET = 12.0;
				LD_RUNPATH_SEARCH_PATHS = (
					"$(inherited)",
					"@executable_path/Frameworks",
				);
				MARKETING_VERSION = 1.16.0;
				PRODUCT_BUNDLE_IDENTIFIER = com.tomkaminski.MediaPickerExample;
				PRODUCT_NAME = "$(TARGET_NAME)";
				SWIFT_VERSION = 5.0;
				TARGETED_DEVICE_FAMILY = "1,2";
			};
			name = Release;
		};
/* End XCBuildConfiguration section */

/* Begin XCConfigurationList section */
		761B9FCE22E9BAB8004D494E /* Build configuration list for PBXProject "MediaPicker" */ = {
			isa = XCConfigurationList;
			buildConfigurations = (
				761B9FDA22E9BAB9004D494E /* Debug */,
				761B9FDB22E9BAB9004D494E /* Release */,
			);
			defaultConfigurationIsVisible = 0;
			defaultConfigurationName = Release;
		};
		761B9FDC22E9BAB9004D494E /* Build configuration list for PBXNativeTarget "MediaPicker" */ = {
			isa = XCConfigurationList;
			buildConfigurations = (
				761B9FDD22E9BAB9004D494E /* Debug */,
				761B9FDE22E9BAB9004D494E /* Release */,
			);
			defaultConfigurationIsVisible = 0;
			defaultConfigurationName = Release;
		};
		761BA01922E9BE4D004D494E /* Build configuration list for PBXNativeTarget "MediaPickerExample" */ = {
			isa = XCConfigurationList;
			buildConfigurations = (
				761BA01A22E9BE4D004D494E /* Debug */,
				761BA01B22E9BE4D004D494E /* Release */,
			);
			defaultConfigurationIsVisible = 0;
			defaultConfigurationName = Release;
		};
/* End XCConfigurationList section */
	};
	rootObject = 761B9FCB22E9BAB8004D494E /* Project object */;
}
